
Microsoft Visual Studio Solution File, Format Version 12.00
# Visual Studio Version 17
VisualStudioVersion = 17.0.31903.59
MinimumVisualStudioVersion = 10.0.40219.1
Project("{2150E333-8FDC-42A3-9474-1A3956D46DE8}") = "src", "src", "{827E0CD3-B72D-47B6-A68D-7590B98EB39B}"
EndProject
Project("{FAE04EC0-301F-11D3-BF4B-00C04F79EFBC}") = "VaryoCms.Domain", "src\VaryoCms.Domain\VaryoCms.Domain.csproj", "{8BDCF9D3-2113-4AE3-A0C4-804D0EF363BF}"
EndProject
Project("{FAE04EC0-301F-11D3-BF4B-00C04F79EFBC}") = "VaryoCms.Application", "src\VaryoCms.Application\VaryoCms.Application.csproj", "{F1468D90-F1EE-4C12-AED8-4FDA3F92EF4A}"
EndProject
Project("{FAE04EC0-301F-11D3-BF4B-00C04F79EFBC}") = "VaryoCms.Infrastructure", "src\VaryoCms.Infrastructure\VaryoCms.Infrastructure.csproj", "{03A78989-4863-4319-B688-2AB98C4C99DE}"
EndProject
Project("{FAE04EC0-301F-11D3-BF4B-00C04F79EFBC}") = "VaryoCms.Web", "src\VaryoCms.Web\VaryoCms.Web.csproj", "{7D95A30E-1EBF-4F7D-8DE7-D4F7DCC18514}"
EndProject
Project("{2150E333-8FDC-42A3-9474-1A3956D46DE8}") = "tests", "tests", "{0AB3BF05-4346-4AA6-1389-037BE0695223}"
EndProject
Project("{FAE04EC0-301F-11D3-BF4B-00C04F79EFBC}") = "VaryoCms.Tests", "tests\VaryoCms.Tests\VaryoCms.Tests.csproj", "{724A24BA-2061-4B6B-80B9-B9F20DA0500C}"
EndProject
Project("{FAE04EC0-301F-11D3-BF4B-00C04F79EFBC}") = "VaryoCms.IntegrationTests", "tests\VaryoCms.IntegrationTests\VaryoCms.IntegrationTests.csproj", "{8964FA25-86BF-42B2-A10A-AE6684996CC5}"
EndProject
Project("{FAE04EC0-301F-11D3-BF4B-00C04F79EFBC}") = "VaryoCms.UiTests", "tests\VaryoCms.UiTests\VaryoCms.UiTests.csproj", "{AAEA3A46-21AE-46DF-851C-C328FD36E218}"
EndProject
Global
	GlobalSection(SolutionConfigurationPlatforms) = preSolution
		Debug|Any CPU = Debug|Any CPU
		Debug|x64 = Debug|x64
		Debug|x86 = Debug|x86
		Release|Any CPU = Release|Any CPU
		Release|x64 = Release|x64
		Release|x86 = Release|x86
	EndGlobalSection
	GlobalSection(ProjectConfigurationPlatforms) = postSolution
		{8BDCF9D3-2113-4AE3-A0C4-804D0EF363BF}.Debug|Any CPU.ActiveCfg = Debug|Any CPU
		{8BDCF9D3-2113-4AE3-A0C4-804D0EF363BF}.Debug|Any CPU.Build.0 = Debug|Any CPU
		{8BDCF9D3-2113-4AE3-A0C4-804D0EF363BF}.Debug|x64.ActiveCfg = Debug|Any CPU
		{8BDCF9D3-2113-4AE3-A0C4-804D0EF363BF}.Debug|x64.Build.0 = Debug|Any CPU
		{8BDCF9D3-2113-4AE3-A0C4-804D0EF363BF}.Debug|x86.ActiveCfg = Debug|Any CPU
		{8BDCF9D3-2113-4AE3-A0C4-804D0EF363BF}.Debug|x86.Build.0 = Debug|Any CPU
		{8BDCF9D3-2113-4AE3-A0C4-804D0EF363BF}.Release|Any CPU.ActiveCfg = Release|Any CPU
		{8BDCF9D3-2113-4AE3-A0C4-804D0EF363BF}.Release|Any CPU.Build.0 = Release|Any CPU
		{8BDCF9D3-2113-4AE3-A0C4-804D0EF363BF}.Release|x64.ActiveCfg = Release|Any CPU
		{8BDCF9D3-2113-4AE3-A0C4-804D0EF363BF}.Release|x64.Build.0 = Release|Any CPU
		{8BDCF9D3-2113-4AE3-A0C4-804D0EF363BF}.Release|x86.ActiveCfg = Release|Any CPU
		{8BDCF9D3-2113-4AE3-A0C4-804D0EF363BF}.Release|x86.Build.0 = Release|Any CPU
		{F1468D90-F1EE-4C12-AED8-4FDA3F92EF4A}.Debug|Any CPU.ActiveCfg = Debug|Any CPU
		{F1468D90-F1EE-4C12-AED8-4FDA3F92EF4A}.Debug|Any CPU.Build.0 = Debug|Any CPU
		{F1468D90-F1EE-4C12-AED8-4FDA3F92EF4A}.Debug|x64.ActiveCfg = Debug|Any CPU
		{F1468D90-F1EE-4C12-AED8-4FDA3F92EF4A}.Debug|x64.Build.0 = Debug|Any CPU
		{F1468D90-F1EE-4C12-AED8-4FDA3F92EF4A}.Debug|x86.ActiveCfg = Debug|Any CPU
		{F1468D90-F1EE-4C12-AED8-4FDA3F92EF4A}.Debug|x86.Build.0 = Debug|Any CPU
		{F1468D90-F1EE-4C12-AED8-4FDA3F92EF4A}.Release|Any CPU.ActiveCfg = Release|Any CPU
		{F1468D90-F1EE-4C12-AED8-4FDA3F92EF4A}.Release|Any CPU.Build.0 = Release|Any CPU
		{F1468D90-F1EE-4C12-AED8-4FDA3F92EF4A}.Release|x64.ActiveCfg = Release|Any CPU
		{F1468D90-F1EE-4C12-AED8-4FDA3F92EF4A}.Release|x64.Build.0 = Release|Any CPU
		{F1468D90-F1EE-4C12-AED8-4FDA3F92EF4A}.Release|x86.ActiveCfg = Release|Any CPU
		{F1468D90-F1EE-4C12-AED8-4FDA3F92EF4A}.Release|x86.Build.0 = Release|Any CPU
		{03A78989-4863-4319-B688-2AB98C4C99DE}.Debug|Any CPU.ActiveCfg = Debug|Any CPU
		{03A78989-4863-4319-B688-2AB98C4C99DE}.Debug|Any CPU.Build.0 = Debug|Any CPU
		{03A78989-4863-4319-B688-2AB98C4C99DE}.Debug|x64.ActiveCfg = Debug|Any CPU
		{03A78989-4863-4319-B688-2AB98C4C99DE}.Debug|x64.Build.0 = Debug|Any CPU
		{03A78989-4863-4319-B688-2AB98C4C99DE}.Debug|x86.ActiveCfg = Debug|Any CPU
		{03A78989-4863-4319-B688-2AB98C4C99DE}.Debug|x86.Build.0 = Debug|Any CPU
		{03A78989-4863-4319-B688-2AB98C4C99DE}.Release|Any CPU.ActiveCfg = Release|Any CPU
		{03A78989-4863-4319-B688-2AB98C4C99DE}.Release|Any CPU.Build.0 = Release|Any CPU
		{03A78989-4863-4319-B688-2AB98C4C99DE}.Release|x64.ActiveCfg = Release|Any CPU
		{03A78989-4863-4319-B688-2AB98C4C99DE}.Release|x64.Build.0 = Release|Any CPU
		{03A78989-4863-4319-B688-2AB98C4C99DE}.Release|x86.ActiveCfg = Release|Any CPU
		{03A78989-4863-4319-B688-2AB98C4C99DE}.Release|x86.Build.0 = Release|Any CPU
		{7D95A30E-1EBF-4F7D-8DE7-D4F7DCC18514}.Debug|Any CPU.ActiveCfg = Debug|Any CPU
		{7D95A30E-1EBF-4F7D-8DE7-D4F7DCC18514}.Debug|Any CPU.Build.0 = Debug|Any CPU
		{7D95A30E-1EBF-4F7D-8DE7-D4F7DCC18514}.Debug|x64.ActiveCfg = Debug|Any CPU
		{7D95A30E-1EBF-4F7D-8DE7-D4F7DCC18514}.Debug|x64.Build.0 = Debug|Any CPU
		{7D95A30E-1EBF-4F7D-8DE7-D4F7DCC18514}.Debug|x86.ActiveCfg = Debug|Any CPU
		{7D95A30E-1EBF-4F7D-8DE7-D4F7DCC18514}.Debug|x86.Build.0 = Debug|Any CPU
		{7D95A30E-1EBF-4F7D-8DE7-D4F7DCC18514}.Release|Any CPU.ActiveCfg = Release|Any CPU
		{7D95A30E-1EBF-4F7D-8DE7-D4F7DCC18514}.Release|Any CPU.Build.0 = Release|Any CPU
		{7D95A30E-1EBF-4F7D-8DE7-D4F7DCC18514}.Release|x64.ActiveCfg = Release|Any CPU
		{7D95A30E-1EBF-4F7D-8DE7-D4F7DCC18514}.Release|x64.Build.0 = Release|Any CPU
		{7D95A30E-1EBF-4F7D-8DE7-D4F7DCC18514}.Release|x86.ActiveCfg = Release|Any CPU
		{7D95A30E-1EBF-4F7D-8DE7-D4F7DCC18514}.Release|x86.Build.0 = Release|Any CPU
		{724A24BA-2061-4B6B-80B9-B9F20DA0500C}.Debug|Any CPU.ActiveCfg = Debug|Any CPU
		{724A24BA-2061-4B6B-80B9-B9F20DA0500C}.Debug|Any CPU.Build.0 = Debug|Any CPU
		{724A24BA-2061-4B6B-80B9-B9F20DA0500C}.Debug|x64.ActiveCfg = Debug|Any CPU
		{724A24BA-2061-4B6B-80B9-B9F20DA0500C}.Debug|x64.Build.0 = Debug|Any CPU
		{724A24BA-2061-4B6B-80B9-B9F20DA0500C}.Debug|x86.ActiveCfg = Debug|Any CPU
		{724A24BA-2061-4B6B-80B9-B9F20DA0500C}.Debug|x86.Build.0 = Debug|Any CPU
		{724A24BA-2061-4B6B-80B9-B9F20DA0500C}.Release|Any CPU.ActiveCfg = Release|Any CPU
		{724A24BA-2061-4B6B-80B9-B9F20DA0500C}.Release|Any CPU.Build.0 = Release|Any CPU
		{724A24BA-2061-4B6B-80B9-B9F20DA0500C}.Release|x64.ActiveCfg = Release|Any CPU
		{724A24BA-2061-4B6B-80B9-B9F20DA0500C}.Release|x64.Build.0 = Release|Any CPU
		{724A24BA-2061-4B6B-80B9-B9F20DA0500C}.Release|x86.ActiveCfg = Release|Any CPU
		{724A24BA-2061-4B6B-80B9-B9F20DA0500C}.Release|x86.Build.0 = Release|Any CPU
		{8964FA25-86BF-42B2-A10A-AE6684996CC5}.Debug|Any CPU.ActiveCfg = Debug|Any CPU
		{8964FA25-86BF-42B2-A10A-AE6684996CC5}.Debug|Any CPU.Build.0 = Debug|Any CPU
		{8964FA25-86BF-42B2-A10A-AE6684996CC5}.Debug|x64.ActiveCfg = Debug|Any CPU
		{8964FA25-86BF-42B2-A10A-AE6684996CC5}.Debug|x64.Build.0 = Debug|Any CPU
		{8964FA25-86BF-42B2-A10A-AE6684996CC5}.Debug|x86.ActiveCfg = Debug|Any CPU
		{8964FA25-86BF-42B2-A10A-AE6684996CC5}.Debug|x86.Build.0 = Debug|Any CPU
		{8964FA25-86BF-42B2-A10A-AE6684996CC5}.Release|Any CPU.ActiveCfg = Release|Any CPU
		{8964FA25-86BF-42B2-A10A-AE6684996CC5}.Release|Any CPU.Build.0 = Release|Any CPU
		{8964FA25-86BF-42B2-A10A-AE6684996CC5}.Release|x64.ActiveCfg = Release|Any CPU
		{8964FA25-86BF-42B2-A10A-AE6684996CC5}.Release|x64.Build.0 = Release|Any CPU
		{8964FA25-86BF-42B2-A10A-AE6684996CC5}.Release|x86.ActiveCfg = Release|Any CPU
		{8964FA25-86BF-42B2-A10A-AE6684996CC5}.Release|x86.Build.0 = Release|Any CPU
		{AAEA3A46-21AE-46DF-851C-C328FD36E218}.Debug|Any CPU.ActiveCfg = Debug|Any CPU
		{AAEA3A46-21AE-46DF-851C-C328FD36E218}.Debug|Any CPU.Build.0 = Debug|Any CPU
		{AAEA3A46-21AE-46DF-851C-C328FD36E218}.Debug|x64.ActiveCfg = Debug|Any CPU
		{AAEA3A46-21AE-46DF-851C-C328FD36E218}.Debug|x64.Build.0 = Debug|Any CPU
		{AAEA3A46-21AE-46DF-851C-C328FD36E218}.Debug|x86.ActiveCfg = Debug|Any CPU
		{AAEA3A46-21AE-46DF-851C-C328FD36E218}.Debug|x86.Build.0 = Debug|Any CPU
		{AAEA3A46-21AE-46DF-851C-C328FD36E218}.Release|Any CPU.ActiveCfg = Release|Any CPU
		{AAEA3A46-21AE-46DF-851C-C328FD36E218}.Release|Any CPU.Build.0 = Release|Any CPU
		{AAEA3A46-21AE-46DF-851C-C328FD36E218}.Release|x64.ActiveCfg = Release|Any CPU
		{AAEA3A46-21AE-46DF-851C-C328FD36E218}.Release|x64.Build.0 = Release|Any CPU
		{AAEA3A46-21AE-46DF-851C-C328FD36E218}.Release|x86.ActiveCfg = Release|Any CPU
		{AAEA3A46-21AE-46DF-851C-C328FD36E218}.Release|x86.Build.0 = Release|Any CPU
	EndGlobalSection
	GlobalSection(SolutionProperties) = preSolution
		HideSolutionNode = FALSE
	EndGlobalSection
	GlobalSection(NestedProjects) = preSolution
		{8BDCF9D3-2113-4AE3-A0C4-804D0EF363BF} = {827E0CD3-B72D-47B6-A68D-7590B98EB39B}
		{F1468D90-F1EE-4C12-AED8-4FDA3F92EF4A} = {827E0CD3-B72D-47B6-A68D-7590B98EB39B}
		{03A78989-4863-4319-B688-2AB98C4C99DE} = {827E0CD3-B72D-47B6-A68D-7590B98EB39B}
		{7D95A30E-1EBF-4F7D-8DE7-D4F7DCC18514} = {827E0CD3-B72D-47B6-A68D-7590B98EB39B}
		{724A24BA-2061-4B6B-80B9-B9F20DA0500C} = {0AB3BF05-4346-4AA6-1389-037BE0695223}
		{8964FA25-86BF-42B2-A10A-AE6684996CC5} = {0AB3BF05-4346-4AA6-1389-037BE0695223}
		{AAEA3A46-21AE-46DF-851C-C328FD36E218} = {0AB3BF05-4346-4AA6-1389-037BE0695223}
	EndGlobalSection
EndGlobal
